
Microsoft Visual Studio Solution File, Format Version 12.00
# Visual Studio Version 16
VisualStudioVersion = 16.0.31605.320
MinimumVisualStudioVersion = 10.0.40219.1
Project("{9A19103F-16F7-4668-BE54-9A1E7A4F7556}") = "Customer.Api", "Customer.Api\Customer.Api.csproj", "{6A93DF9A-DE5F-4513-912B-B05487F25E43}"
EndProject
Project("{9A19103F-16F7-4668-BE54-9A1E7A4F7556}") = "Customer.Application", "Customer.Application\Customer.Application.csproj", "{23FC1D39-8652-47D1-93DD-E8B0E472C7C9}"
EndProject
Project("{FAE04EC0-301F-11D3-BF4B-00C04F79EFBC}") = "Customer.Domain", "Customer.Domain\Customer.Domain.csproj", "{45245B23-42E7-4ADF-BFBD-5E73651D8246}"
EndProject
Project("{FAE04EC0-301F-11D3-BF4B-00C04F79EFBC}") = "Customer.Repository", "Customer.Repository\Customer.Repository.csproj", "{12B5647D-747F-474E-9EC2-B3B06AD0F3CB}"
EndProject
Global
	GlobalSection(SolutionConfigurationPlatforms) = preSolution
		Debug|Any CPU = Debug|Any CPU
		Release|Any CPU = Release|Any CPU
	EndGlobalSection
	GlobalSection(ProjectConfigurationPlatforms) = postSolution
		{6A93DF9A-DE5F-4513-912B-B05487F25E43}.Debug|Any CPU.ActiveCfg = Debug|Any CPU
		{6A93DF9A-DE5F-4513-912B-B05487F25E43}.Debug|Any CPU.Build.0 = Debug|Any CPU
		{6A93DF9A-DE5F-4513-912B-B05487F25E43}.Release|Any CPU.ActiveCfg = Release|Any CPU
		{6A93DF9A-DE5F-4513-912B-B05487F25E43}.Release|Any CPU.Build.0 = Release|Any CPU
		{23FC1D39-8652-47D1-93DD-E8B0E472C7C9}.Debug|Any CPU.ActiveCfg = Debug|Any CPU
		{23FC1D39-8652-47D1-93DD-E8B0E472C7C9}.Debug|Any CPU.Build.0 = Debug|Any CPU
		{23FC1D39-8652-47D1-93DD-E8B0E472C7C9}.Release|Any CPU.ActiveCfg = Release|Any CPU
		{23FC1D39-8652-47D1-93DD-E8B0E472C7C9}.Release|Any CPU.Build.0 = Release|Any CPU
		{45245B23-42E7-4ADF-BFBD-5E73651D8246}.Debug|Any CPU.ActiveCfg = Debug|Any CPU
		{45245B23-42E7-4ADF-BFBD-5E73651D8246}.Debug|Any CPU.Build.0 = Debug|Any CPU
		{45245B23-42E7-4ADF-BFBD-5E73651D8246}.Release|Any CPU.ActiveCfg = Release|Any CPU
		{45245B23-42E7-4ADF-BFBD-5E73651D8246}.Release|Any CPU.Build.0 = Release|Any CPU
		{12B5647D-747F-474E-9EC2-B3B06AD0F3CB}.Debug|Any CPU.ActiveCfg = Debug|Any CPU
		{12B5647D-747F-474E-9EC2-B3B06AD0F3CB}.Debug|Any CPU.Build.0 = Debug|Any CPU
		{12B5647D-747F-474E-9EC2-B3B06AD0F3CB}.Release|Any CPU.ActiveCfg = Release|Any CPU
		{12B5647D-747F-474E-9EC2-B3B06AD0F3CB}.Release|Any CPU.Build.0 = Release|Any CPU
	EndGlobalSection
	GlobalSection(SolutionProperties) = preSolution
		HideSolutionNode = FALSE
	EndGlobalSection
	GlobalSection(ExtensibilityGlobals) = postSolution
		SolutionGuid = {B2F61538-F3A4-4A5D-ACA9-DE359CD1F66A}
	EndGlobalSection
EndGlobal
